packages:
  - name: dbt_utils
    package: dbt-labs/dbt_utils
    version: 1.3.0
  - git: https://github.com/pragmatic-data/sf-admin.git
    name: sf_project_admin
    revision: be6924c7ce9d49c8f3d1a206745a215a2a711398
  - git: https://github.com/pragmatic-data/pragmatic-data-platform.git
    name: pragmatic_data
    revision: 4f3e443774b6970c4ee1c2ac8724e656330693e4
sha1_hash: 3f327104c9857b4a487c09563fdd1a7082bb7d70
