packages:
  - name: dbt_utils
    package: dbt-labs/dbt_utils
    version: 1.3.0
  - git: https://github.com/pragmatic-data/sf-admin.git
    name: sf_project_admin
    revision: be6924c7ce9d49c8f3d1a206745a215a2a711398
  - git: https://github.com/pragmatic-data/pragmatic-data-platform.git
    name: pragmatic_data
    revision: 29cb49807b60eb8cebf76ee31a41419c7161f563
sha1_hash: b58cca8c9809e2b1eae5ba9c3c1b47db38ad6ac9
