packages:
  - name: dbt_utils
    package: dbt-labs/dbt_utils
    version: 1.3.0
  - git: https://github.com/pragmatic-data/sf-admin.git
    name: sf_project_admin
    revision: be6924c7ce9d49c8f3d1a206745a215a2a711398
  - git: https://github.com/pragmatic-data/pragmatic-data-platform.git
    name: pragmatic_data
    revision: a9dbbfc4f824cfafa2d6f79f424f67362f93d1d0
sha1_hash: df4e0adabc669c80f13b06469c1db2bd1c25c4ac
